
Microsoft Visual Studio Solution File, Format Version 12.00
# Visual Studio 15
VisualStudioVersion = 15.0.26730.15
MinimumVisualStudioVersion = 10.0.40219.1
Project("{FAE04EC0-301F-11D3-BF4B-00C04F79EFBC}") = "IMDB", "IMDB\IMDB.csproj", "{D2CBA7C5-1B43-4FFF-AF83-43C8958226D6}"
EndProject
Global
	GlobalSection(SolutionConfigurationPlatforms) = preSolution
		Debug|Any CPU = Debug|Any CPU
		Release|Any CPU = Release|Any CPU
	EndGlobalSection
	GlobalSection(ProjectConfigurationPlatforms) = postSolution
		{D2CBA7C5-1B43-4FFF-AF83-43C8958226D6}.Debug|Any CPU.ActiveCfg = Debug|Any CPU
		{D2CBA7C5-1B43-4FFF-AF83-43C8958226D6}.Debug|Any CPU.Build.0 = Debug|Any CPU
		{D2CBA7C5-1B43-4FFF-AF83-43C8958226D6}.Release|Any CPU.ActiveCfg = Release|Any CPU
		{D2CBA7C5-1B43-4FFF-AF83-43C8958226D6}.Release|Any CPU.Build.0 = Release|Any CPU
	EndGlobalSection
	GlobalSection(SolutionProperties) = preSolution
		HideSolutionNode = FALSE
	EndGlobalSection
	GlobalSection(ExtensibilityGlobals) = postSolution
		SolutionGuid = {B076BC5B-1B32-4696-84C5-EA702CA4E38D}
	EndGlobalSection
EndGlobal
